
Microsoft Visual Studio Solution File, Format Version 12.00
# Visual Studio Version 16
VisualStudioVersion = 16.0.29326.143
MinimumVisualStudioVersion = 10.0.40219.1
Project("{9A19103F-16F7-4668-BE54-9A1E7A4F7556}") = "GrpcHelloClient", "GrpcHelloClient\GrpcHelloClient.csproj", "{77470474-BECD-4E1F-8736-0D972EF158F8}"
EndProject
Project("{9A19103F-16F7-4668-BE54-9A1E7A4F7556}") = "GrpcHelloServer", "GrpcHelloServer\GrpcHelloServer.csproj", "{97DAA965-DBE4-4689-9599-44DFB6B790A1}"
EndProject
Project("{9A19103F-16F7-4668-BE54-9A1E7A4F7556}") = "GrpcMessage", "GrpcMessage\GrpcMessage.csproj", "{A41073FF-983E-43F4-B00C-4010E7204DBD}"
EndProject
Global
	GlobalSection(SolutionConfigurationPlatforms) = preSolution
		Debug|Any CPU = Debug|Any CPU
		Release|Any CPU = Release|Any CPU
	EndGlobalSection
	GlobalSection(ProjectConfigurationPlatforms) = postSolution
		{77470474-BECD-4E1F-8736-0D972EF158F8}.Debug|Any CPU.ActiveCfg = Debug|Any CPU
		{77470474-BECD-4E1F-8736-0D972EF158F8}.Debug|Any CPU.Build.0 = Debug|Any CPU
		{77470474-BECD-4E1F-8736-0D972EF158F8}.Release|Any CPU.ActiveCfg = Release|Any CPU
		{77470474-BECD-4E1F-8736-0D972EF158F8}.Release|Any CPU.Build.0 = Release|Any CPU
		{97DAA965-DBE4-4689-9599-44DFB6B790A1}.Debug|Any CPU.ActiveCfg = Debug|Any CPU
		{97DAA965-DBE4-4689-9599-44DFB6B790A1}.Debug|Any CPU.Build.0 = Debug|Any CPU
		{97DAA965-DBE4-4689-9599-44DFB6B790A1}.Release|Any CPU.ActiveCfg = Release|Any CPU
		{97DAA965-DBE4-4689-9599-44DFB6B790A1}.Release|Any CPU.Build.0 = Release|Any CPU
		{A41073FF-983E-43F4-B00C-4010E7204DBD}.Debug|Any CPU.ActiveCfg = Debug|Any CPU
		{A41073FF-983E-43F4-B00C-4010E7204DBD}.Debug|Any CPU.Build.0 = Debug|Any CPU
		{A41073FF-983E-43F4-B00C-4010E7204DBD}.Release|Any CPU.ActiveCfg = Release|Any CPU
		{A41073FF-983E-43F4-B00C-4010E7204DBD}.Release|Any CPU.Build.0 = Release|Any CPU
	EndGlobalSection
	GlobalSection(SolutionProperties) = preSolution
		HideSolutionNode = FALSE
	EndGlobalSection
	GlobalSection(ExtensibilityGlobals) = postSolution
		SolutionGuid = {9AC52A50-AA65-49DB-8251-3AFCE9EE3FDB}
	EndGlobalSection
EndGlobal
